{
  "requires": true,
  "lockfileVersion": 1,
  "dependencies": {
    "@salesforce/canvas-js-sdk": {
      "version": "1.41.0",
      "resolved": "https://registry.npmjs.org/@salesforce/canvas-js-sdk/-/canvas-js-sdk-1.41.0.tgz",
      "integrity": "sha512-EV5m1tzAMpjqV1lvUCcuJ69qLPRDmSY+NNBS5nedgYE1GnDIwnvx9yR4Xlau9FHP6XSDfxmTnucmZjvQbD/K9g=="
    }
  }
}
